<?xml version="1.0" encoding="utf-8"?>
<Project ToolsVersion="4.0" xmlns="http://schemas.microsoft.com/developer/msbuild/2003">
  <ItemGroup>
    <Filter Include="Source Files">
      <UniqueIdentifier>{4FC737F1-C7A5-4376-A066-2A32D752A2FF}</UniqueIdentifier>
      <Extensions>cpp;c;cc;cxx;c++;cppm;ixx;def;odl;idl;hpj;bat;asm;asmx</Extensions>
    </Filter>
    <Filter Include="Header Files">
      <UniqueIdentifier>{93995380-89BD-4b04-88EB-625FBE52EBFB}</UniqueIdentifier>
      <Extensions>h;hh;hpp;hxx;h++;hm;inl;inc;ipp;xsd</Extensions>
    </Filter>
    <Filter Include="Resource Files">
      <UniqueIdentifier>{67DA6AB6-F800-4c08-8B7A-83BB121AAD01}</UniqueIdentifier>
      <Extensions>rc;ico;cur;bmp;dlg;rc2;rct;bin;rgs;gif;jpg;jpeg;jpe;resx;tiff;tif;png;wav;mfcribbon-ms</Extensions>
    </Filter>
    <Filter Include="Header Files\Source Headers">
      <UniqueIdentifier>{3061fb63-d8d4-4606-9aae-08c834577250}</UniqueIdentifier>
    </Filter>
    <Filter Include="Source Files\Source Mains">
      <UniqueIdentifier>{af580fba-2f93-4857-901b-6a09b1797a02}</UniqueIdentifier>
    </Filter>
  </ItemGroup>
  <ItemGroup>
    <ClCompile Include="Studenci-Z-AEI.cpp">
      <Filter>Source Files\Source Mains</Filter>
    </ClCompile>
    <ClCompile Include="HexTile.cpp">
      <Filter>Source Files\Source Mains</Filter>
    </ClCompile>
    <ClCompile Include="Board.cpp">
      <Filter>Source Files\Source Mains</Filter>
    </ClCompile>
    <ClCompile Include="Menu.cpp">
      <Filter>Source Files\Source Mains</Filter>
    </ClCompile>
    <ClCompile Include="Trade.cpp">
      <Filter>Source Files\Source Mains</Filter>
    </ClCompile>
    <ClCompile Include="Cards.cpp">
      <Filter>Source Files\Source Mains</Filter>
    </ClCompile>
    <ClCompile Include="Logs.cpp">
      <Filter>Source Files\Source Mains</Filter>
    </ClCompile>
    <ClCompile Include="Buildable.cpp">
      <Filter>Source Files\Source Mains</Filter>
    </ClCompile>
    <ClCompile Include="Game.cpp">
      <Filter>Source Files\Source Mains</Filter>
    </ClCompile>
    <ClCompile Include="Knight.cpp">
      <Filter>Source Files\Source Mains</Filter>
    </ClCompile>
    <ClCompile Include="Menago.cpp">
      <Filter>Source Files\Source Mains</Filter>
    </ClCompile>
    <ClCompile Include="PlayerUI.cpp">
      <Filter>Source Files\Source Mains</Filter>
    </ClCompile>
    <ClCompile Include="Resource.cpp">
      <Filter>Source Files\Source Mains</Filter>
    </ClCompile>
    <ClCompile Include="TurnManager.cpp">
      <Filter>Source Files\Source Mains</Filter>
    </ClCompile>
    <ClCompile Include="SimpleButton.cpp">
      <Filter>Source Files\Source Mains</Filter>
    </ClCompile>
  </ItemGroup>
  <ItemGroup>
    <ClInclude Include="HexTile.h">
      <Filter>Header Files\Source Headers</Filter>
    </ClInclude>
    <ClInclude Include="Board.h">
      <Filter>Header Files\Source Headers</Filter>
    </ClInclude>
    <ClInclude Include="Resource.h">
      <Filter>Header Files\Source Headers</Filter>
    </ClInclude>
    <ClInclude Include="Menu.h">
      <Filter>Header Files\Source Headers</Filter>
    </ClInclude>
    <ClInclude Include="Knight.h">
      <Filter>Header Files\Source Headers</Filter>
    </ClInclude>
    <ClInclude Include="Trade.h">
      <Filter>Header Files\Source Headers</Filter>
    </ClInclude>
    <ClInclude Include="Logs.h">
      <Filter>Header Files\Source Headers</Filter>
    </ClInclude>
    <ClInclude Include="Buildable.h">
      <Filter>Header Files\Source Headers</Filter>
    </ClInclude>
    <ClInclude Include="Cards.h">
      <Filter>Header Files\Source Headers</Filter>
    </ClInclude>
    <ClInclude Include="Drawable.h">
      <Filter>Header Files\Source Headers</Filter>
    </ClInclude>
    <ClInclude Include="Game.h">
      <Filter>Header Files\Source Headers</Filter>
    </ClInclude>
    <ClInclude Include="Libraries.h">
      <Filter>Header Files\Source Headers</Filter>
    </ClInclude>
    <ClInclude Include="Menago.h">
      <Filter>Header Files\Source Headers</Filter>
    </ClInclude>
    <ClInclude Include="Player.h">
      <Filter>Header Files\Source Headers</Filter>
    </ClInclude>
    <ClInclude Include="PlayerUI.h">
      <Filter>Header Files\Source Headers</Filter>
    </ClInclude>
    <ClInclude Include="SimpleButton.h">
      <Filter>Header Files\Source Headers</Filter>
    </ClInclude>
    <ClInclude Include="Studenci-Z-AEI.h">
      <Filter>Header Files\Source Headers</Filter>
    </ClInclude>
    <ClInclude Include="TurnManager.h">
      <Filter>Header Files\Source Headers</Filter>
    </ClInclude>
    <ClInclude Include="UIButton.h">
      <Filter>Header Files\Source Headers</Filter>
    </ClInclude>
  </ItemGroup>
</Project>